
Microsoft Visual Studio Solution File, Format Version 12.00
# Visual Studio Version 17
VisualStudioVersion = 17.10.35027.167
MinimumVisualStudioVersion = 10.0.40219.1
Project("{FAE04EC0-301F-11D3-BF4B-00C04F79EFBC}") = "FirstProject", "FirstProject\FirstProject.csproj", "{E7806252-372C-459F-AD0A-AA7B2BC95808}"
EndProject
Global
	GlobalSection(SolutionConfigurationPlatforms) = preSolution
		Debug|Any CPU = Debug|Any CPU
		Release|Any CPU = Release|Any CPU
	EndGlobalSection
	GlobalSection(ProjectConfigurationPlatforms) = postSolution
		{E7806252-372C-459F-AD0A-AA7B2BC95808}.Debug|Any CPU.ActiveCfg = Debug|Any CPU
		{E7806252-372C-459F-AD0A-AA7B2BC95808}.Debug|Any CPU.Build.0 = Debug|Any CPU
		{E7806252-372C-459F-AD0A-AA7B2BC95808}.Release|Any CPU.ActiveCfg = Release|Any CPU
		{E7806252-372C-459F-AD0A-AA7B2BC95808}.Release|Any CPU.Build.0 = Release|Any CPU
	EndGlobalSection
	GlobalSection(SolutionProperties) = preSolution
		HideSolutionNode = FALSE
	EndGlobalSection
	GlobalSection(ExtensibilityGlobals) = postSolution
		SolutionGuid = {FF70A934-8AE1-4A45-B344-9E2381AAA194}
	EndGlobalSection
EndGlobal
